
Microsoft Visual Studio Solution File, Format Version 10.00
# Visual Studio 2008
Project("{2150E333-8FDC-42A3-9474-1A3956D46DE8}") = "Solution Items", "Solution Items", "{24206503-5E83-4E1B-BC8F-9DEB04913949}"
	ProjectSection(SolutionItems) = preProject
		Castle.Tools.CodeGenerator.targets = Castle.Tools.CodeGenerator.targets
	EndProjectSection
EndProject
Project("{FAE04EC0-301F-11D3-BF4B-00C04F79EFBC}") = "Castle.Tools.CodeGenerator", "Castle.Tools.CodeGenerator\Castle.Tools.CodeGenerator.csproj", "{AD98AAA1-00B5-4766-87E2-62C82DC09896}"
EndProject
Project("{FAE04EC0-301F-11D3-BF4B-00C04F79EFBC}") = "Castle.Tools.CodeGenerator.Tests", "Castle.Tools.CodeGenerator.Tests\Castle.Tools.CodeGenerator.Tests.csproj", "{1FF3DD73-91A3-419D-A479-1ACE24DEFFC9}"
EndProject
Project("{FAE04EC0-301F-11D3-BF4B-00C04F79EFBC}") = "Castle.Tools.CodeGenerator.CmdLine", "Castle.Tools.CodeGenerator.CmdLine\Castle.Tools.CodeGenerator.CmdLine.csproj", "{4634D14A-15E7-4AA6-8F9E-E1A3341C6AAC}"
EndProject
Project("{FAE04EC0-301F-11D3-BF4B-00C04F79EFBC}") = "Castle.Tools.CodeGenerator.Testing", "Castle.Tools.CodeGenerator.Testing\Castle.Tools.CodeGenerator.Testing.csproj", "{9B75CDA5-F949-46EF-9E89-4ACB920D6344}"
EndProject
Project("{FAE04EC0-301F-11D3-BF4B-00C04F79EFBC}") = "Castle.Tools.CodeGenerator.External", "Castle.Tools.CodeGenerator.External\Castle.Tools.CodeGenerator.External.csproj", "{6B33B990-8184-43F7-96B0-EF7496C34A1E}"
EndProject
Global
	GlobalSection(SolutionConfigurationPlatforms) = preSolution
		Debug|Any CPU = Debug|Any CPU
		Release|Any CPU = Release|Any CPU
	EndGlobalSection
	GlobalSection(ProjectConfigurationPlatforms) = postSolution
		{AD98AAA1-00B5-4766-87E2-62C82DC09896}.Debug|Any CPU.ActiveCfg = Debug|Any CPU
		{AD98AAA1-00B5-4766-87E2-62C82DC09896}.Debug|Any CPU.Build.0 = Debug|Any CPU
		{AD98AAA1-00B5-4766-87E2-62C82DC09896}.Release|Any CPU.ActiveCfg = Release|Any CPU
		{AD98AAA1-00B5-4766-87E2-62C82DC09896}.Release|Any CPU.Build.0 = Release|Any CPU
		{1FF3DD73-91A3-419D-A479-1ACE24DEFFC9}.Debug|Any CPU.ActiveCfg = Debug|Any CPU
		{1FF3DD73-91A3-419D-A479-1ACE24DEFFC9}.Debug|Any CPU.Build.0 = Debug|Any CPU
		{1FF3DD73-91A3-419D-A479-1ACE24DEFFC9}.Release|Any CPU.ActiveCfg = Release|Any CPU
		{1FF3DD73-91A3-419D-A479-1ACE24DEFFC9}.Release|Any CPU.Build.0 = Release|Any CPU
		{4634D14A-15E7-4AA6-8F9E-E1A3341C6AAC}.Debug|Any CPU.ActiveCfg = Debug|Any CPU
		{4634D14A-15E7-4AA6-8F9E-E1A3341C6AAC}.Debug|Any CPU.Build.0 = Debug|Any CPU
		{4634D14A-15E7-4AA6-8F9E-E1A3341C6AAC}.Release|Any CPU.ActiveCfg = Release|Any CPU
		{4634D14A-15E7-4AA6-8F9E-E1A3341C6AAC}.Release|Any CPU.Build.0 = Release|Any CPU
		{9B75CDA5-F949-46EF-9E89-4ACB920D6344}.Debug|Any CPU.ActiveCfg = Debug|Any CPU
		{9B75CDA5-F949-46EF-9E89-4ACB920D6344}.Debug|Any CPU.Build.0 = Debug|Any CPU
		{9B75CDA5-F949-46EF-9E89-4ACB920D6344}.Release|Any CPU.ActiveCfg = Release|Any CPU
		{9B75CDA5-F949-46EF-9E89-4ACB920D6344}.Release|Any CPU.Build.0 = Release|Any CPU
		{6B33B990-8184-43F7-96B0-EF7496C34A1E}.Debug|Any CPU.ActiveCfg = Debug|Any CPU
		{6B33B990-8184-43F7-96B0-EF7496C34A1E}.Debug|Any CPU.Build.0 = Debug|Any CPU
		{6B33B990-8184-43F7-96B0-EF7496C34A1E}.Release|Any CPU.ActiveCfg = Release|Any CPU
		{6B33B990-8184-43F7-96B0-EF7496C34A1E}.Release|Any CPU.Build.0 = Release|Any CPU
	EndGlobalSection
	GlobalSection(SolutionProperties) = preSolution
		HideSolutionNode = FALSE
	EndGlobalSection
EndGlobal
