Microsoft Visual Studio Solution File, Format Version 10.00
# Visual Studio 2008
Project("{FAE04EC0-301F-11D3-BF4B-00C04F79EFBC}") = "SolutionTransform", "SolutionTransform\SolutionTransform.csproj", "{F37F9843-2A33-48A4-8D90-81277E0FBAC8}"
EndProject
Project("{2150E333-8FDC-42A3-9474-1A3956D46DE8}") = "Lib", "Lib", "{741DBCAE-1311-46A5-ADE7-803479AC0308}"
	ProjectSection(SolutionItems) = preProject
		Lib\Boo.Lang.CodeDom.dll = Lib\Boo.Lang.CodeDom.dll
		Lib\Boo.Lang.Compiler.dll = Lib\Boo.Lang.Compiler.dll
		Lib\Boo.Lang.dll = Lib\Boo.Lang.dll
		Lib\Boo.Lang.Extensions.dll = Lib\Boo.Lang.Extensions.dll
		Lib\Boo.Lang.Interpreter.dll = Lib\Boo.Lang.Interpreter.dll
		Lib\Boo.Lang.Parser.dll = Lib\Boo.Lang.Parser.dll
		Lib\Boo.Lang.PatternMatching.dll = Lib\Boo.Lang.PatternMatching.dll
		Lib\Boo.Lang.Useful.dll = Lib\Boo.Lang.Useful.dll
		Lib\nunit.framework.dll = Lib\nunit.framework.dll
	EndProjectSection
EndProject
Project("{2150E333-8FDC-42A3-9474-1A3956D46DE8}") = "Scripts", "Scripts", "{644CD592-1D91-4F41-B3D1-F79E985C4E16}"
	ProjectSection(SolutionItems) = preProject
		Scripts\CastleSilverlight.boo = Scripts\CastleSilverlight.boo
		Scripts\CastleStandardize.boo = Scripts\CastleStandardize.boo
	EndProjectSection
EndProject
Project("{FAE04EC0-301F-11D3-BF4B-00C04F79EFBC}") = "SolutionTransform.Tests", "SolutionTransform.Tests\SolutionTransform.Tests.csproj", "{0095CABE-FD77-485A-8FF1-DF6B0E7C5823}"
EndProject
Global
	GlobalSection(SolutionConfigurationPlatforms) = preSolution
		Debug|Any CPU = Debug|Any CPU
		Release|Any CPU = Release|Any CPU
	EndGlobalSection
	GlobalSection(ProjectConfigurationPlatforms) = postSolution
		{F37F9843-2A33-48A4-8D90-81277E0FBAC8}.Debug|Any CPU.ActiveCfg = Debug|Any CPU
		{F37F9843-2A33-48A4-8D90-81277E0FBAC8}.Debug|Any CPU.Build.0 = Debug|Any CPU
		{F37F9843-2A33-48A4-8D90-81277E0FBAC8}.Release|Any CPU.ActiveCfg = Release|Any CPU
		{F37F9843-2A33-48A4-8D90-81277E0FBAC8}.Release|Any CPU.Build.0 = Release|Any CPU
		{0095CABE-FD77-485A-8FF1-DF6B0E7C5823}.Debug|Any CPU.ActiveCfg = Debug|Any CPU
		{0095CABE-FD77-485A-8FF1-DF6B0E7C5823}.Debug|Any CPU.Build.0 = Debug|Any CPU
		{0095CABE-FD77-485A-8FF1-DF6B0E7C5823}.Release|Any CPU.ActiveCfg = Release|Any CPU
		{0095CABE-FD77-485A-8FF1-DF6B0E7C5823}.Release|Any CPU.Build.0 = Release|Any CPU
	EndGlobalSection
	GlobalSection(SolutionProperties) = preSolution
		HideSolutionNode = FALSE
	EndGlobalSection
EndGlobal
