Microsoft Visual Studio Solution File, Format Version 10.00
# Visual Studio 2008
Project("{fae04ec0-301f-11d3-bf4b-00c04f79efbc}") = "SolutionTransform", "SolutionTransform.csproj", "{f37f9843-2a33-48a4-8d90-81277e0fbac8}"
EndProject
Global
	GlobalSection(SolutionConfigurationPlatforms) = preSolution
		Debug|Any CPU = Debug|Any CPU
		Release|Any CPU = Release|Any CPU
	EndGlobalSection
	GlobalSection(ProjectConfigurationPlatforms) = postSolution
		{F37F9843-2A33-48A4-8D90-81277E0FBAC8}.Debug|Any CPU.ActiveCfg = Debug|Any CPU
		{F37F9843-2A33-48A4-8D90-81277E0FBAC8}.Debug|Any CPU.Build.0 = Debug|Any CPU
		{F37F9843-2A33-48A4-8D90-81277E0FBAC8}.Release|Any CPU.ActiveCfg = Release|Any CPU
		{F37F9843-2A33-48A4-8D90-81277E0FBAC8}.Release|Any CPU.Build.0 = Release|Any CPU
	EndGlobalSection
	GlobalSection(SolutionProperties) = preSolution
		HideSolutionNode = FALSE
	EndGlobalSection
EndGlobal
