
Microsoft Visual Studio Solution File, Format Version 10.00
# Visual Studio 2008
Project("{FAE04EC0-301F-11D3-BF4B-00C04F79EFBC}") = "Castle.Tools.QuerySpecBuilder", "Castle.Tools.QuerySpecBuilder\Castle.Tools.QuerySpecBuilder.csproj", "{5AFF5855-10CC-440D-BB53-D9A342D5571E}"
EndProject
Project("{FAE04EC0-301F-11D3-BF4B-00C04F79EFBC}") = "Castle.Tools.QuerySpecBuilder.Tests", "Castle.Tools.QuerySpecBuilder.Tests\Castle.Tools.QuerySpecBuilder.Tests.csproj", "{AFA1AEA7-EF01-4A46-9940-D5009126FE6C}"
EndProject
Global
	GlobalSection(SolutionConfigurationPlatforms) = preSolution
		Debug|Any CPU = Debug|Any CPU
		Release|Any CPU = Release|Any CPU
	EndGlobalSection
	GlobalSection(ProjectConfigurationPlatforms) = postSolution
		{5AFF5855-10CC-440D-BB53-D9A342D5571E}.Debug|Any CPU.ActiveCfg = Debug|Any CPU
		{5AFF5855-10CC-440D-BB53-D9A342D5571E}.Debug|Any CPU.Build.0 = Debug|Any CPU
		{5AFF5855-10CC-440D-BB53-D9A342D5571E}.Release|Any CPU.ActiveCfg = Release|Any CPU
		{5AFF5855-10CC-440D-BB53-D9A342D5571E}.Release|Any CPU.Build.0 = Release|Any CPU
		{AFA1AEA7-EF01-4A46-9940-D5009126FE6C}.Debug|Any CPU.ActiveCfg = Debug|Any CPU
		{AFA1AEA7-EF01-4A46-9940-D5009126FE6C}.Debug|Any CPU.Build.0 = Debug|Any CPU
		{AFA1AEA7-EF01-4A46-9940-D5009126FE6C}.Release|Any CPU.ActiveCfg = Release|Any CPU
		{AFA1AEA7-EF01-4A46-9940-D5009126FE6C}.Release|Any CPU.Build.0 = Release|Any CPU
	EndGlobalSection
	GlobalSection(SolutionProperties) = preSolution
		HideSolutionNode = FALSE
	EndGlobalSection
EndGlobal
