
Microsoft Visual Studio Solution File, Format Version 9.00
# Visual Studio 2005
Project("{FAE04EC0-301F-11D3-BF4B-00C04F79EFBC}") = "Castle.Tools.SQLQueryGenerator", "Castle.Tools.SQLQueryGenerator\Castle.Tools.SQLQueryGenerator.csproj", "{08341DE7-1D4A-481F-BE10-6399C3DDA1B8}"
EndProject
Project("{FAE04EC0-301F-11D3-BF4B-00C04F79EFBC}") = "Castle.Tools.SQLQueryGenerator.Tests", "Castle.Tools.SQLQueryGenerator.Tests\Castle.Tools.SQLQueryGenerator.Tests.csproj", "{EACE4BEC-1963-4C02-9556-48F8D8CA6490}"
EndProject
Project("{FAE04EC0-301F-11D3-BF4B-00C04F79EFBC}") = "Castle.Tools.SQLQueryGenerator.Runtime", "Castle.Tools.SQLQueryGenerator.Runtime\Castle.Tools.SQLQueryGenerator.Runtime.csproj", "{AEBEF7B8-E3F5-4CB4-BC66-9A77CDAF0A09}"
EndProject
Global
	GlobalSection(SolutionConfigurationPlatforms) = preSolution
		Debug|Any CPU = Debug|Any CPU
		Release|Any CPU = Release|Any CPU
	EndGlobalSection
	GlobalSection(ProjectConfigurationPlatforms) = postSolution
		{08341DE7-1D4A-481F-BE10-6399C3DDA1B8}.Debug|Any CPU.ActiveCfg = Debug|Any CPU
		{08341DE7-1D4A-481F-BE10-6399C3DDA1B8}.Debug|Any CPU.Build.0 = Debug|Any CPU
		{08341DE7-1D4A-481F-BE10-6399C3DDA1B8}.Release|Any CPU.ActiveCfg = Release|Any CPU
		{08341DE7-1D4A-481F-BE10-6399C3DDA1B8}.Release|Any CPU.Build.0 = Release|Any CPU
		{EACE4BEC-1963-4C02-9556-48F8D8CA6490}.Debug|Any CPU.ActiveCfg = Debug|Any CPU
		{EACE4BEC-1963-4C02-9556-48F8D8CA6490}.Debug|Any CPU.Build.0 = Debug|Any CPU
		{EACE4BEC-1963-4C02-9556-48F8D8CA6490}.Release|Any CPU.ActiveCfg = Release|Any CPU
		{EACE4BEC-1963-4C02-9556-48F8D8CA6490}.Release|Any CPU.Build.0 = Release|Any CPU
		{AEBEF7B8-E3F5-4CB4-BC66-9A77CDAF0A09}.Debug|Any CPU.ActiveCfg = Debug|Any CPU
		{AEBEF7B8-E3F5-4CB4-BC66-9A77CDAF0A09}.Debug|Any CPU.Build.0 = Debug|Any CPU
		{AEBEF7B8-E3F5-4CB4-BC66-9A77CDAF0A09}.Release|Any CPU.ActiveCfg = Release|Any CPU
		{AEBEF7B8-E3F5-4CB4-BC66-9A77CDAF0A09}.Release|Any CPU.Build.0 = Release|Any CPU
	EndGlobalSection
	GlobalSection(SolutionProperties) = preSolution
		HideSolutionNode = FALSE
	EndGlobalSection
EndGlobal
