
Microsoft Visual Studio Solution File, Format Version 10.00
# Visual Studio 2008
Project("{FAE04EC0-301F-11D3-BF4B-00C04F79EFBC}") = "Dsl", "Dsl\Dsl.csproj", "{BB8E2A67-D8BC-424F-82E9-EBD4AF951B3D}"
EndProject
Project("{FAE04EC0-301F-11D3-BF4B-00C04F79EFBC}") = "DslPackage", "DslPackage\DslPackage.csproj", "{68116C7F-C1D8-4DDC-9CA9-9DDA35356EC3}"
EndProject
Project("{FAE04EC0-301F-11D3-BF4B-00C04F79EFBC}") = "ActiveWriterSetup", "ActiveWriterSetup\ActiveWriterSetup.csproj", "{4BC76225-34A0-435A-9382-759300313F51}"
EndProject
Project("{FAE04EC0-301F-11D3-BF4B-00C04F79EFBC}") = "ActiveWriter.Test", "ActiveWriter.Test\ActiveWriter.Test.csproj", "{C0056210-BA5D-4D39-BDE8-5BCFF0A17868}"
EndProject
Global
	GlobalSection(SolutionConfigurationPlatforms) = preSolution
		Debug|Any CPU = Debug|Any CPU
		Release|Any CPU = Release|Any CPU
	EndGlobalSection
	GlobalSection(ProjectConfigurationPlatforms) = postSolution
		{BB8E2A67-D8BC-424F-82E9-EBD4AF951B3D}.Debug|Any CPU.ActiveCfg = Debug|Any CPU
		{BB8E2A67-D8BC-424F-82E9-EBD4AF951B3D}.Debug|Any CPU.Build.0 = Debug|Any CPU
		{BB8E2A67-D8BC-424F-82E9-EBD4AF951B3D}.Release|Any CPU.ActiveCfg = Release|Any CPU
		{BB8E2A67-D8BC-424F-82E9-EBD4AF951B3D}.Release|Any CPU.Build.0 = Release|Any CPU
		{68116C7F-C1D8-4DDC-9CA9-9DDA35356EC3}.Debug|Any CPU.ActiveCfg = Debug|Any CPU
		{68116C7F-C1D8-4DDC-9CA9-9DDA35356EC3}.Debug|Any CPU.Build.0 = Debug|Any CPU
		{68116C7F-C1D8-4DDC-9CA9-9DDA35356EC3}.Release|Any CPU.ActiveCfg = Release|Any CPU
		{68116C7F-C1D8-4DDC-9CA9-9DDA35356EC3}.Release|Any CPU.Build.0 = Release|Any CPU
		{4BC76225-34A0-435A-9382-759300313F51}.Debug|Any CPU.ActiveCfg = Debug|Any CPU
		{4BC76225-34A0-435A-9382-759300313F51}.Release|Any CPU.ActiveCfg = Release|Any CPU
		{C0056210-BA5D-4D39-BDE8-5BCFF0A17868}.Debug|Any CPU.ActiveCfg = Debug|Any CPU
		{C0056210-BA5D-4D39-BDE8-5BCFF0A17868}.Debug|Any CPU.Build.0 = Debug|Any CPU
		{C0056210-BA5D-4D39-BDE8-5BCFF0A17868}.Release|Any CPU.ActiveCfg = Release|Any CPU
		{C0056210-BA5D-4D39-BDE8-5BCFF0A17868}.Release|Any CPU.Build.0 = Release|Any CPU
	EndGlobalSection
	GlobalSection(SolutionProperties) = preSolution
		HideSolutionNode = FALSE
	EndGlobalSection
EndGlobal
