
Microsoft Visual Studio Solution File, Format Version 11.00
# Visual Studio 2010
Project("{FAE04EC0-301F-11D3-BF4B-00C04F79EFBC}") = "Dsl", "Dsl\Dsl.csproj", "{B6C654FF-6CEF-467C-B845-DD0F6CBB1267}"
EndProject
Project("{FAE04EC0-301F-11D3-BF4B-00C04F79EFBC}") = "DslPackage", "DslPackage\DslPackage.csproj", "{9B466868-77E9-4721-B53D-90DF61029048}"
EndProject
Global
	GlobalSection(SolutionConfigurationPlatforms) = preSolution
		Debug|Any CPU = Debug|Any CPU
		Release|Any CPU = Release|Any CPU
	EndGlobalSection
	GlobalSection(ProjectConfigurationPlatforms) = postSolution
		{B6C654FF-6CEF-467C-B845-DD0F6CBB1267}.Debug|Any CPU.ActiveCfg = Debug|Any CPU
		{B6C654FF-6CEF-467C-B845-DD0F6CBB1267}.Debug|Any CPU.Build.0 = Debug|Any CPU
		{B6C654FF-6CEF-467C-B845-DD0F6CBB1267}.Release|Any CPU.ActiveCfg = Release|Any CPU
		{B6C654FF-6CEF-467C-B845-DD0F6CBB1267}.Release|Any CPU.Build.0 = Release|Any CPU
		{9B466868-77E9-4721-B53D-90DF61029048}.Debug|Any CPU.ActiveCfg = Debug|Any CPU
		{9B466868-77E9-4721-B53D-90DF61029048}.Debug|Any CPU.Build.0 = Debug|Any CPU
		{9B466868-77E9-4721-B53D-90DF61029048}.Release|Any CPU.ActiveCfg = Release|Any CPU
		{9B466868-77E9-4721-B53D-90DF61029048}.Release|Any CPU.Build.0 = Release|Any CPU
	EndGlobalSection
	GlobalSection(SolutionProperties) = preSolution
		HideSolutionNode = FALSE
	EndGlobalSection
EndGlobal
