
Microsoft Visual Studio Solution File, Format Version 10.00
# Visual Studio 2008
Project("{FAE04EC0-301F-11D3-BF4B-00C04F79EFBC}") = "Debugging", "Debugging.csproj", "{E7FBB08D-74D9-4DF8-9E18-D3CDB8BCC5AA}"
EndProject
Global
	GlobalSection(SolutionConfigurationPlatforms) = preSolution
		Debug|Any CPU = Debug|Any CPU
		Release|Any CPU = Release|Any CPU
	EndGlobalSection
	GlobalSection(ProjectConfigurationPlatforms) = postSolution
		{E7FBB08D-74D9-4DF8-9E18-D3CDB8BCC5AA}.Debug|Any CPU.ActiveCfg = Debug|Any CPU
		{E7FBB08D-74D9-4DF8-9E18-D3CDB8BCC5AA}.Debug|Any CPU.Build.0 = Debug|Any CPU
		{E7FBB08D-74D9-4DF8-9E18-D3CDB8BCC5AA}.Release|Any CPU.ActiveCfg = Release|Any CPU
	EndGlobalSection
	GlobalSection(SolutionProperties) = preSolution
		HideSolutionNode = FALSE
	EndGlobalSection
	GlobalSection(TextTemplating) = postSolution
		TextTemplating = 1
	EndGlobalSection
EndGlobal
