
Microsoft Visual Studio Solution File, Format Version 9.00
# Visual Studio 2005
Project("{FAE04EC0-301F-11D3-BF4B-00C04F79EFBC}") = "Dsl", "Dsl\Dsl.csproj", "{32F60606-C5CF-472F-A878-F518DDB7A35D}"
EndProject
Project("{FAE04EC0-301F-11D3-BF4B-00C04F79EFBC}") = "DslPackage", "DslPackage\DslPackage.csproj", "{EC2124DE-8260-4A2C-8815-C9CB522A9876}"
EndProject
Project("{FAE04EC0-301F-11D3-BF4B-00C04F79EFBC}") = "ActiveWriterSetup", "ActiveWriterSetup\ActiveWriterSetup.csproj", "{3F8B4AE5-C668-487A-B744-0B1E2960D704}"
EndProject
Global
	GlobalSection(TextTemplating) = postSolution
		TextTemplating = 1
	EndGlobalSection
	GlobalSection(SolutionConfigurationPlatforms) = preSolution
		Debug|Any CPU = Debug|Any CPU
		Release|Any CPU = Release|Any CPU
	EndGlobalSection
	GlobalSection(ProjectConfigurationPlatforms) = postSolution
		{32F60606-C5CF-472F-A878-F518DDB7A35D}.Debug|Any CPU.ActiveCfg = Debug|Any CPU
		{32F60606-C5CF-472F-A878-F518DDB7A35D}.Debug|Any CPU.Build.0 = Debug|Any CPU
		{32F60606-C5CF-472F-A878-F518DDB7A35D}.Release|Any CPU.ActiveCfg = Release|Any CPU
		{32F60606-C5CF-472F-A878-F518DDB7A35D}.Release|Any CPU.Build.0 = Release|Any CPU
		{EC2124DE-8260-4A2C-8815-C9CB522A9876}.Debug|Any CPU.ActiveCfg = Debug|Any CPU
		{EC2124DE-8260-4A2C-8815-C9CB522A9876}.Debug|Any CPU.Build.0 = Debug|Any CPU
		{EC2124DE-8260-4A2C-8815-C9CB522A9876}.Release|Any CPU.ActiveCfg = Release|Any CPU
		{EC2124DE-8260-4A2C-8815-C9CB522A9876}.Release|Any CPU.Build.0 = Release|Any CPU
		{3F8B4AE5-C668-487A-B744-0B1E2960D704}.Debug|Any CPU.ActiveCfg = Debug|Any CPU
		{3F8B4AE5-C668-487A-B744-0B1E2960D704}.Release|Any CPU.ActiveCfg = Release|Any CPU
	EndGlobalSection
	GlobalSection(SolutionProperties) = preSolution
		HideSolutionNode = FALSE
	EndGlobalSection
EndGlobal
