
Microsoft Visual Studio Solution File, Format Version 9.00
# Visual Studio 2005
Project("{FAE04EC0-301F-11D3-BF4B-00C04F79EFBC}") = "Castle.NVelocity", "..\..\..\Castle.NVelocity\trunk\src\Castle.NVelocity\Castle.NVelocity.csproj", "{A8A2811D-025F-45ED-AE00-DE130FF8F4F3}"
EndProject
Project("{FAE04EC0-301F-11D3-BF4B-00C04F79EFBC}") = "Castle.VisualStudio.NVelocityLanguageService", "Castle.VisualStudio.NVelocityLanguageService\Castle.VisualStudio.NVelocityLanguageService.csproj", "{320C2F49-D653-45ED-A464-CF47C57E3519}"
EndProject
Project("{54435603-DBB4-11D2-8724-00A0C9A8B90C}") = "CVSISetup", "Setup\CVSISetup.vdproj", "{2B801DFF-D3A9-410E-BF24-3D49808F04E0}"
EndProject
Global
	GlobalSection(SolutionConfigurationPlatforms) = preSolution
		Debug|Any CPU = Debug|Any CPU
		Release|Any CPU = Release|Any CPU
	EndGlobalSection
	GlobalSection(ProjectConfigurationPlatforms) = postSolution
		{A8A2811D-025F-45ED-AE00-DE130FF8F4F3}.Debug|Any CPU.ActiveCfg = Debug|Any CPU
		{A8A2811D-025F-45ED-AE00-DE130FF8F4F3}.Debug|Any CPU.Build.0 = Debug|Any CPU
		{A8A2811D-025F-45ED-AE00-DE130FF8F4F3}.Release|Any CPU.ActiveCfg = Release|Any CPU
		{A8A2811D-025F-45ED-AE00-DE130FF8F4F3}.Release|Any CPU.Build.0 = Release|Any CPU
		{320C2F49-D653-45ED-A464-CF47C57E3519}.Debug|Any CPU.ActiveCfg = Debug|Any CPU
		{320C2F49-D653-45ED-A464-CF47C57E3519}.Debug|Any CPU.Build.0 = Debug|Any CPU
		{320C2F49-D653-45ED-A464-CF47C57E3519}.Release|Any CPU.ActiveCfg = Release|Any CPU
		{320C2F49-D653-45ED-A464-CF47C57E3519}.Release|Any CPU.Build.0 = Release|Any CPU
		{2B801DFF-D3A9-410E-BF24-3D49808F04E0}.Debug|Any CPU.ActiveCfg = Debug
		{2B801DFF-D3A9-410E-BF24-3D49808F04E0}.Debug|Any CPU.Build.0 = Debug
		{2B801DFF-D3A9-410E-BF24-3D49808F04E0}.Release|Any CPU.ActiveCfg = Release
		{2B801DFF-D3A9-410E-BF24-3D49808F04E0}.Release|Any CPU.Build.0 = Release
	EndGlobalSection
	GlobalSection(SolutionProperties) = preSolution
		HideSolutionNode = FALSE
	EndGlobalSection
EndGlobal
