Microsoft Visual Studio Solution File, Format Version 9.00
# Visual Studio Codename Orcas
Project("{FAE04EC0-301F-11D3-BF4B-00C04F79EFBC}") = "Castle.MonoRail.ViewComponents", "Castle.MonoRail.ViewComponents\Castle.MonoRail.ViewComponents.csproj", "{717C688D-81BC-4C81-9487-1D5151ADF573}"
EndProject
Project("{FAE04EC0-301F-11D3-BF4B-00C04F79EFBC}") = "Castle.MonoRail.ViewComponents.TestSite", "Castle.MonoRail.ViewComponents.TestSite\Castle.MonoRail.ViewComponents.TestSite.csproj", "{6C229F56-62A2-47EE-973C-1F892960CA87}"
EndProject
Global
	GlobalSection(SolutionConfigurationPlatforms) = preSolution
		Debug|Any CPU = Debug|Any CPU
		Release|Any CPU = Release|Any CPU
	EndGlobalSection
	GlobalSection(ProjectConfigurationPlatforms) = postSolution
		{717C688D-81BC-4C81-9487-1D5151ADF573}.Debug|Any CPU.ActiveCfg = Debug|Any CPU
		{717C688D-81BC-4C81-9487-1D5151ADF573}.Debug|Any CPU.Build.0 = Debug|Any CPU
		{717C688D-81BC-4C81-9487-1D5151ADF573}.Release|Any CPU.ActiveCfg = Release|Any CPU
		{717C688D-81BC-4C81-9487-1D5151ADF573}.Release|Any CPU.Build.0 = Release|Any CPU
		{6C229F56-62A2-47EE-973C-1F892960CA87}.Debug|Any CPU.ActiveCfg = Debug|Any CPU
		{6C229F56-62A2-47EE-973C-1F892960CA87}.Debug|Any CPU.Build.0 = Debug|Any CPU
		{6C229F56-62A2-47EE-973C-1F892960CA87}.Release|Any CPU.ActiveCfg = Release|Any CPU
		{6C229F56-62A2-47EE-973C-1F892960CA87}.Release|Any CPU.Build.0 = Release|Any CPU
	EndGlobalSection
	GlobalSection(SolutionProperties) = preSolution
		HideSolutionNode = FALSE
	EndGlobalSection
EndGlobal
