
Microsoft Visual Studio Solution File, Format Version 9.00
# Visual Studio 2005
Project("{FAE04EC0-301F-11D3-BF4B-00C04F79EFBC}") = "AspViewTestSite", "AspViewTestSite\AspViewTestSite.csproj", "{65929B65-C749-43C8-9EA8-5EFFFAE16A5C}"
	ProjectSection(WebsiteProperties) = preProject
		Debug.AspNetCompiler.Debug = "True"
		Release.AspNetCompiler.Debug = "False"
	EndProjectSection
	ProjectSection(ProjectDependencies) = postProject
		{36052ED8-861B-49E3-B2D8-9C7DCDAF7E14} = {36052ED8-861B-49E3-B2D8-9C7DCDAF7E14}
	EndProjectSection
EndProject
Project("{FAE04EC0-301F-11D3-BF4B-00C04F79EFBC}") = "Castle.MonoRail.Views.AspView", "Castle.MonoRail.Views.AspView\Castle.MonoRail.Views.AspView.csproj", "{41B2C873-254B-4BC5-8514-AD33ED3B5934}"
	ProjectSection(WebsiteProperties) = preProject
		Debug.AspNetCompiler.Debug = "True"
		Release.AspNetCompiler.Debug = "False"
	EndProjectSection
EndProject
Project("{FAE04EC0-301F-11D3-BF4B-00C04F79EFBC}") = "VCompile", "vcompile\VCompile.csproj", "{36052ED8-861B-49E3-B2D8-9C7DCDAF7E14}"
	ProjectSection(WebsiteProperties) = preProject
		Debug.AspNetCompiler.Debug = "True"
		Release.AspNetCompiler.Debug = "False"
	EndProjectSection
EndProject
Project("{FAE04EC0-301F-11D3-BF4B-00C04F79EFBC}") = "Castle.MonoRail.Views.AspView.Tests", "Castle.MonoRail.Views.AspView.Tests\Castle.MonoRail.Views.AspView.Tests.csproj", "{5797C3B2-2994-42F4-9FCE-12B288A8A1E8}"
	ProjectSection(WebsiteProperties) = preProject
		Debug.AspNetCompiler.Debug = "True"
		Release.AspNetCompiler.Debug = "False"
	EndProjectSection
	ProjectSection(ProjectDependencies) = postProject
		{65929B65-C749-43C8-9EA8-5EFFFAE16A5C} = {65929B65-C749-43C8-9EA8-5EFFFAE16A5C}
	EndProjectSection
EndProject
Project("{2150E333-8FDC-42A3-9474-1A3956D46DE8}") = "Solution Items", "Solution Items", "{648DC04C-1AAE-4113-A8E9-097F444AA0D8}"
	ProjectSection(WebsiteProperties) = preProject
		Debug.AspNetCompiler.Debug = "True"
		Release.AspNetCompiler.Debug = "False"
	EndProjectSection
	ProjectSection(SolutionItems) = preProject
		Solution Items\KenEgoziOpenSource.snk = Solution Items\KenEgoziOpenSource.snk
	EndProjectSection
EndProject
Project("{2150E333-8FDC-42A3-9474-1A3956D46DE8}") = "Lib", "Lib", "{AD4AC238-0320-4805-88B4-C9A77D4C09F6}"
	ProjectSection(WebsiteProperties) = preProject
		Debug.AspNetCompiler.Debug = "True"
		Release.AspNetCompiler.Debug = "False"
	EndProjectSection
EndProject
Project("{2150E333-8FDC-42A3-9474-1A3956D46DE8}") = "Castle", "Castle", "{7C0F01C7-F300-403E-8C6C-6347F1A544D8}"
	ProjectSection(WebsiteProperties) = preProject
		Debug.AspNetCompiler.Debug = "True"
		Release.AspNetCompiler.Debug = "False"
	EndProjectSection
	ProjectSection(SolutionItems) = preProject
		Solution Items\Lib\Castle\Castle.Core.dll = Solution Items\Lib\Castle\Castle.Core.dll
		Solution Items\Lib\Castle\Castle.MonoRail.ActiveRecordSupport.dll = Solution Items\Lib\Castle\Castle.MonoRail.ActiveRecordSupport.dll
		Solution Items\Lib\Castle\Castle.MonoRail.Framework.dll = Solution Items\Lib\Castle\Castle.MonoRail.Framework.dll
		Solution Items\Lib\Castle\Castle.MonoRail.TestSupport.dll = Solution Items\Lib\Castle\Castle.MonoRail.TestSupport.dll
	EndProjectSection
EndProject
Project("{FAE04EC0-301F-11D3-BF4B-00C04F79EFBC}") = "TestModel", "TestModel\TestModel.csproj", "{5BCEC661-5B7B-4E00-AA19-95B367BF996F}"
	ProjectSection(WebsiteProperties) = preProject
		Debug.AspNetCompiler.Debug = "True"
		Release.AspNetCompiler.Debug = "False"
	EndProjectSection
EndProject
Global
	GlobalSection(SolutionConfigurationPlatforms) = preSolution
		Debug|Any CPU = Debug|Any CPU
		Release|Any CPU = Release|Any CPU
		Run vcompile in Debug|Any CPU = Run vcompile in Debug|Any CPU
	EndGlobalSection
	GlobalSection(ProjectConfigurationPlatforms) = postSolution
		{65929B65-C749-43C8-9EA8-5EFFFAE16A5C}.Debug|Any CPU.ActiveCfg = Debug|Any CPU
		{65929B65-C749-43C8-9EA8-5EFFFAE16A5C}.Debug|Any CPU.Build.0 = Debug|Any CPU
		{65929B65-C749-43C8-9EA8-5EFFFAE16A5C}.Release|Any CPU.ActiveCfg = Release|Any CPU
		{65929B65-C749-43C8-9EA8-5EFFFAE16A5C}.Release|Any CPU.Build.0 = Release|Any CPU
		{65929B65-C749-43C8-9EA8-5EFFFAE16A5C}.Run vcompile in Debug|Any CPU.ActiveCfg = Run vcompile in Debug|Any CPU
		{41B2C873-254B-4BC5-8514-AD33ED3B5934}.Debug|Any CPU.ActiveCfg = Debug|Any CPU
		{41B2C873-254B-4BC5-8514-AD33ED3B5934}.Debug|Any CPU.Build.0 = Debug|Any CPU
		{41B2C873-254B-4BC5-8514-AD33ED3B5934}.Release|Any CPU.ActiveCfg = Release|Any CPU
		{41B2C873-254B-4BC5-8514-AD33ED3B5934}.Release|Any CPU.Build.0 = Release|Any CPU
		{41B2C873-254B-4BC5-8514-AD33ED3B5934}.Run vcompile in Debug|Any CPU.ActiveCfg = Run vcompile in Debug|Any CPU
		{41B2C873-254B-4BC5-8514-AD33ED3B5934}.Run vcompile in Debug|Any CPU.Build.0 = Run vcompile in Debug|Any CPU
		{36052ED8-861B-49E3-B2D8-9C7DCDAF7E14}.Debug|Any CPU.ActiveCfg = Debug|Any CPU
		{36052ED8-861B-49E3-B2D8-9C7DCDAF7E14}.Debug|Any CPU.Build.0 = Debug|Any CPU
		{36052ED8-861B-49E3-B2D8-9C7DCDAF7E14}.Release|Any CPU.ActiveCfg = Release|Any CPU
		{36052ED8-861B-49E3-B2D8-9C7DCDAF7E14}.Release|Any CPU.Build.0 = Release|Any CPU
		{36052ED8-861B-49E3-B2D8-9C7DCDAF7E14}.Run vcompile in Debug|Any CPU.ActiveCfg = Run vcompile in Debug|Any CPU
		{36052ED8-861B-49E3-B2D8-9C7DCDAF7E14}.Run vcompile in Debug|Any CPU.Build.0 = Run vcompile in Debug|Any CPU
		{5797C3B2-2994-42F4-9FCE-12B288A8A1E8}.Debug|Any CPU.ActiveCfg = Debug|Any CPU
		{5797C3B2-2994-42F4-9FCE-12B288A8A1E8}.Debug|Any CPU.Build.0 = Debug|Any CPU
		{5797C3B2-2994-42F4-9FCE-12B288A8A1E8}.Release|Any CPU.ActiveCfg = Release|Any CPU
		{5797C3B2-2994-42F4-9FCE-12B288A8A1E8}.Release|Any CPU.Build.0 = Release|Any CPU
		{5797C3B2-2994-42F4-9FCE-12B288A8A1E8}.Run vcompile in Debug|Any CPU.ActiveCfg = Run vcompile in Debug|Any CPU
		{5BCEC661-5B7B-4E00-AA19-95B367BF996F}.Debug|Any CPU.ActiveCfg = Debug|Any CPU
		{5BCEC661-5B7B-4E00-AA19-95B367BF996F}.Debug|Any CPU.Build.0 = Debug|Any CPU
		{5BCEC661-5B7B-4E00-AA19-95B367BF996F}.Release|Any CPU.ActiveCfg = Release|Any CPU
		{5BCEC661-5B7B-4E00-AA19-95B367BF996F}.Release|Any CPU.Build.0 = Release|Any CPU
		{5BCEC661-5B7B-4E00-AA19-95B367BF996F}.Run vcompile in Debug|Any CPU.ActiveCfg = Run vcompile in Debug|Any CPU
	EndGlobalSection
	GlobalSection(SolutionProperties) = preSolution
		HideSolutionNode = FALSE
	EndGlobalSection
	GlobalSection(NestedProjects) = preSolution
		{AD4AC238-0320-4805-88B4-C9A77D4C09F6} = {648DC04C-1AAE-4113-A8E9-097F444AA0D8}
		{7C0F01C7-F300-403E-8C6C-6347F1A544D8} = {AD4AC238-0320-4805-88B4-C9A77D4C09F6}
	EndGlobalSection
EndGlobal
